
Microsoft Visual Studio Solution File, Format Version 12.00
# Visual Studio Version 17
VisualStudioVersion = 17.0.31808.319
MinimumVisualStudioVersion = 10.0.40219.1
Project("{9A19103F-16F7-4668-BE54-9A1E7A4F7556}") = "MainSignalClient", "MainSignalClient.csproj", "{34FF4326-BC37-4326-B4FE-DB48E50908EC}"
EndProject
Global
	GlobalSection(SolutionConfigurationPlatforms) = preSolution
		Debug|Any CPU = Debug|Any CPU
		Release|Any CPU = Release|Any CPU
	EndGlobalSection
	GlobalSection(ProjectConfigurationPlatforms) = postSolution
		{34FF4326-BC37-4326-B4FE-DB48E50908EC}.Debug|Any CPU.ActiveCfg = Debug|Any CPU
		{34FF4326-BC37-4326-B4FE-DB48E50908EC}.Debug|Any CPU.Build.0 = Debug|Any CPU
		{34FF4326-BC37-4326-B4FE-DB48E50908EC}.Release|Any CPU.ActiveCfg = Release|Any CPU
		{34FF4326-BC37-4326-B4FE-DB48E50908EC}.Release|Any CPU.Build.0 = Release|Any CPU
	EndGlobalSection
	GlobalSection(SolutionProperties) = preSolution
		HideSolutionNode = FALSE
	EndGlobalSection
	GlobalSection(ExtensibilityGlobals) = postSolution
		SolutionGuid = {DA36F031-1D76-43E1-8E70-6903105B8CFD}
	EndGlobalSection
EndGlobal
